
Microsoft Visual Studio Solution File, Format Version 12.00
# Visual Studio 14
VisualStudioVersion = 14.0.25420.1
MinimumVisualStudioVersion = 10.0.40219.1
Project("{FAE04EC0-301F-11D3-BF4B-00C04F79EFBC}") = "Music.ConsoleUI", "Music.ConsoleUI\Music.ConsoleUI.csproj", "{C62338B7-9BA3-400C-9909-F97210ECCC8C}"
EndProject
Project("{FAE04EC0-301F-11D3-BF4B-00C04F79EFBC}") = "Music.DataAccess", "Music.DataAccess\Music.DataAccess.csproj", "{DDB2B56F-6E77-422F-AE2A-C975ADA239E4}"
EndProject
Project("{FAE04EC0-301F-11D3-BF4B-00C04F79EFBC}") = "Music.Service", "Music.Service\Music.Service.csproj", "{BA10F131-52E9-4475-8392-31C10E6AC08E}"
EndProject
Project("{FAE04EC0-301F-11D3-BF4B-00C04F79EFBC}") = "Music.Entities", "Music.Entities\Music.Entities.csproj", "{2D713488-CF42-4E1B-A1DE-906CF10B7427}"
EndProject
Project("{FAE04EC0-301F-11D3-BF4B-00C04F79EFBC}") = "Music.BusinessLogic", "Music.BusinessLogic\Music.BusinessLogic.csproj", "{5F722620-3EC5-41E6-AAEE-9A1C43E37588}"
EndProject
Global
	GlobalSection(SolutionConfigurationPlatforms) = preSolution
		Debug|Any CPU = Debug|Any CPU
		Release|Any CPU = Release|Any CPU
	EndGlobalSection
	GlobalSection(ProjectConfigurationPlatforms) = postSolution
		{C62338B7-9BA3-400C-9909-F97210ECCC8C}.Debug|Any CPU.ActiveCfg = Debug|Any CPU
		{C62338B7-9BA3-400C-9909-F97210ECCC8C}.Debug|Any CPU.Build.0 = Debug|Any CPU
		{C62338B7-9BA3-400C-9909-F97210ECCC8C}.Release|Any CPU.ActiveCfg = Release|Any CPU
		{C62338B7-9BA3-400C-9909-F97210ECCC8C}.Release|Any CPU.Build.0 = Release|Any CPU
		{DDB2B56F-6E77-422F-AE2A-C975ADA239E4}.Debug|Any CPU.ActiveCfg = Debug|Any CPU
		{DDB2B56F-6E77-422F-AE2A-C975ADA239E4}.Debug|Any CPU.Build.0 = Debug|Any CPU
		{DDB2B56F-6E77-422F-AE2A-C975ADA239E4}.Release|Any CPU.ActiveCfg = Release|Any CPU
		{DDB2B56F-6E77-422F-AE2A-C975ADA239E4}.Release|Any CPU.Build.0 = Release|Any CPU
		{BA10F131-52E9-4475-8392-31C10E6AC08E}.Debug|Any CPU.ActiveCfg = Debug|Any CPU
		{BA10F131-52E9-4475-8392-31C10E6AC08E}.Debug|Any CPU.Build.0 = Debug|Any CPU
		{BA10F131-52E9-4475-8392-31C10E6AC08E}.Release|Any CPU.ActiveCfg = Release|Any CPU
		{BA10F131-52E9-4475-8392-31C10E6AC08E}.Release|Any CPU.Build.0 = Release|Any CPU
		{2D713488-CF42-4E1B-A1DE-906CF10B7427}.Debug|Any CPU.ActiveCfg = Debug|Any CPU
		{2D713488-CF42-4E1B-A1DE-906CF10B7427}.Debug|Any CPU.Build.0 = Debug|Any CPU
		{2D713488-CF42-4E1B-A1DE-906CF10B7427}.Release|Any CPU.ActiveCfg = Release|Any CPU
		{2D713488-CF42-4E1B-A1DE-906CF10B7427}.Release|Any CPU.Build.0 = Release|Any CPU
		{5F722620-3EC5-41E6-AAEE-9A1C43E37588}.Debug|Any CPU.ActiveCfg = Debug|Any CPU
		{5F722620-3EC5-41E6-AAEE-9A1C43E37588}.Debug|Any CPU.Build.0 = Debug|Any CPU
		{5F722620-3EC5-41E6-AAEE-9A1C43E37588}.Release|Any CPU.ActiveCfg = Release|Any CPU
		{5F722620-3EC5-41E6-AAEE-9A1C43E37588}.Release|Any CPU.Build.0 = Release|Any CPU
	EndGlobalSection
	GlobalSection(SolutionProperties) = preSolution
		HideSolutionNode = FALSE
	EndGlobalSection
EndGlobal
